
Microsoft Visual Studio Solution File, Format Version 12.00
# Visual Studio 2012
Project("{FAE04EC0-301F-11D3-BF4B-00C04F79EFBC}") = "Buddy.Console", "Buddy.Console\Buddy.Console.csproj", "{81303394-2217-4CD6-A05D-E4EB2D4B1141}"
EndProject
Project("{FAE04EC0-301F-11D3-BF4B-00C04F79EFBC}") = "Buddy.Placer", "Buddy.Placer\Buddy.Placer.csproj", "{7378DB7F-7EE1-41AB-9AD0-365DAF8A3EAD}"
EndProject
Project("{FAE04EC0-301F-11D3-BF4B-00C04F79EFBC}") = "Buddy.Common", "Buddy.Common\Buddy.Common.csproj", "{E3FD10D2-0C11-49CB-A309-7854800ED294}"
EndProject
Project("{2150E333-8FDC-42A3-9474-1A3956D46DE8}") = "Solution Items", "Solution Items", "{E890F62B-A593-4DBE-B86D-51393F7E54F7}"
	ProjectSection(SolutionItems) = preProject
		Buddy.Console.psess = Buddy.Console.psess
		Buddy.Console131214.vsp = Buddy.Console131214.vsp
	EndProjectSection
EndProject
Global
	GlobalSection(SolutionConfigurationPlatforms) = preSolution
		Debug|Any CPU = Debug|Any CPU
		Release|Any CPU = Release|Any CPU
	EndGlobalSection
	GlobalSection(ProjectConfigurationPlatforms) = postSolution
		{81303394-2217-4CD6-A05D-E4EB2D4B1141}.Debug|Any CPU.ActiveCfg = Debug|Any CPU
		{81303394-2217-4CD6-A05D-E4EB2D4B1141}.Debug|Any CPU.Build.0 = Debug|Any CPU
		{81303394-2217-4CD6-A05D-E4EB2D4B1141}.Release|Any CPU.ActiveCfg = Release|Any CPU
		{81303394-2217-4CD6-A05D-E4EB2D4B1141}.Release|Any CPU.Build.0 = Release|Any CPU
		{7378DB7F-7EE1-41AB-9AD0-365DAF8A3EAD}.Debug|Any CPU.ActiveCfg = Debug|Any CPU
		{7378DB7F-7EE1-41AB-9AD0-365DAF8A3EAD}.Debug|Any CPU.Build.0 = Debug|Any CPU
		{7378DB7F-7EE1-41AB-9AD0-365DAF8A3EAD}.Release|Any CPU.ActiveCfg = Release|Any CPU
		{7378DB7F-7EE1-41AB-9AD0-365DAF8A3EAD}.Release|Any CPU.Build.0 = Release|Any CPU
		{E3FD10D2-0C11-49CB-A309-7854800ED294}.Debug|Any CPU.ActiveCfg = Debug|Any CPU
		{E3FD10D2-0C11-49CB-A309-7854800ED294}.Debug|Any CPU.Build.0 = Debug|Any CPU
		{E3FD10D2-0C11-49CB-A309-7854800ED294}.Release|Any CPU.ActiveCfg = Release|Any CPU
		{E3FD10D2-0C11-49CB-A309-7854800ED294}.Release|Any CPU.Build.0 = Release|Any CPU
	EndGlobalSection
	GlobalSection(SolutionProperties) = preSolution
		HideSolutionNode = FALSE
	EndGlobalSection
EndGlobal
